// !$*UTF8*$!
{
	archiveVersion = 1;
	classes = {
	};
	objectVersion = 55;
	objects = {

/* Begin PBXBuildFile section */
		3E315C152701CA9900092B19 /* TabButton.swift in Sources */ = {isa = PBXBuildFile; fileRef = 3E315C142701CA9900092B19 /* TabButton.swift */; };
		3E315C172701D46400092B19 /* ColorPicker.swift in Sources */ = {isa = PBXBuildFile; fileRef = 3E315C162701D46400092B19 /* ColorPicker.swift */; };
		3E81186827019E2B003B6E96 /* CheatSheetApp.swift in Sources */ = {isa = PBXBuildFile; fileRef = 3E81186727019E2B003B6E96 /* CheatSheetApp.swift */; };
		3E81186A27019E2B003B6E96 /* ContentView.swift in Sources */ = {isa = PBXBuildFile; fileRef = 3E81186927019E2B003B6E96 /* ContentView.swift */; };
		3E81186C27019E2D003B6E96 /* Assets.xcassets in Resources */ = {isa = PBXBuildFile; fileRef = 3E81186B27019E2D003B6E96 /* Assets.xcassets */; };
		3E81186F27019E2D003B6E96 /* Preview Assets.xcassets in Resources */ = {isa = PBXBuildFile; fileRef = 3E81186E27019E2D003B6E96 /* Preview Assets.xcassets */; };
		3E81187827019EB9003B6E96 /* MenuView.swift in Sources */ = {isa = PBXBuildFile; fileRef = 3E81187727019EB9003B6E96 /* MenuView.swift */; };
		3EB26C4527020C0A0000AF1D /* Converter.swift in Sources */ = {isa = PBXBuildFile; fileRef = 3EB26C4427020C0A0000AF1D /* Converter.swift */; };
/* End PBXBuildFile section */

/* Begin PBXFileReference section */
		3E315C142701CA9900092B19 /* TabButton.swift */ = {isa = PBXFileReference; lastKnownFileType = sourcecode.swift; path = TabButton.swift; sourceTree = "<group>"; };
		3E315C162701D46400092B19 /* ColorPicker.swift */ = {isa = PBXFileReference; lastKnownFileType = sourcecode.swift; path = ColorPicker.swift; sourceTree = "<group>"; };
		3E81186427019E2B003B6E96 /* CheatSheet.app */ = {isa = PBXFileReference; explicitFileType = wrapper.application; includeInIndex = 0; path = CheatSheet.app; sourceTree = BUILT_PRODUCTS_DIR; };
		3E81186727019E2B003B6E96 /* CheatSheetApp.swift */ = {isa = PBXFileReference; lastKnownFileType = sourcecode.swift; path = CheatSheetApp.swift; sourceTree = "<group>"; };
		3E81186927019E2B003B6E96 /* ContentView.swift */ = {isa = PBXFileReference; lastKnownFileType = sourcecode.swift; path = ContentView.swift; sourceTree = "<group>"; };
		3E81186B27019E2D003B6E96 /* Assets.xcassets */ = {isa = PBXFileReference; lastKnownFileType = folder.assetcatalog; path = Assets.xcassets; sourceTree = "<group>"; };
		3E81186E27019E2D003B6E96 /* Preview Assets.xcassets */ = {isa = PBXFileReference; lastKnownFileType = folder.assetcatalog; path = "Preview Assets.xcassets"; sourceTree = "<group>"; };
		3E81187027019E2D003B6E96 /* CheatSheet.entitlements */ = {isa = PBXFileReference; lastKnownFileType = text.plist.entitlements; path = CheatSheet.entitlements; sourceTree = "<group>"; };
		3E81187727019EB9003B6E96 /* MenuView.swift */ = {isa = PBXFileReference; lastKnownFileType = sourcecode.swift; path = MenuView.swift; sourceTree = "<group>"; };
		3EB26C4427020C0A0000AF1D /* Converter.swift */ = {isa = PBXFileReference; lastKnownFileType = sourcecode.swift; path = Converter.swift; sourceTree = "<group>"; };
/* End PBXFileReference section */

/* Begin PBXFrameworksBuildPhase section */
		3E81186127019E2B003B6E96 /* Frameworks */ = {
			isa = PBXFrameworksBuildPhase;
			buildActionMask = 2147483647;
			files = (
			);
			runOnlyForDeploymentPostprocessing = 0;
		};
/* End PBXFrameworksBuildPhase section */

/* Begin PBXGroup section */
		3E315C132701CA6E00092B19 /* Pages */ = {
			isa = PBXGroup;
			children = (
				3E315C142701CA9900092B19 /* TabButton.swift */,
				3E315C162701D46400092B19 /* ColorPicker.swift */,
				3EB26C4427020C0A0000AF1D /* Converter.swift */,
			);
			path = Pages;
			sourceTree = "<group>";
		};
		3E81185B27019E2B003B6E96 = {
			isa = PBXGroup;
			children = (
				3E81186627019E2B003B6E96 /* CheatSheet */,
				3E81186527019E2B003B6E96 /* Products */,
			);
			sourceTree = "<group>";
		};
		3E81186527019E2B003B6E96 /* Products */ = {
			isa = PBXGroup;
			children = (
				3E81186427019E2B003B6E96 /* CheatSheet.app */,
			);
			name = Products;
			sourceTree = "<group>";
		};
		3E81186627019E2B003B6E96 /* CheatSheet */ = {
			isa = PBXGroup;
			children = (
				3E315C132701CA6E00092B19 /* Pages */,
				3E81187627019EA5003B6E96 /* Menu */,
				3E81186727019E2B003B6E96 /* CheatSheetApp.swift */,
				3E81186927019E2B003B6E96 /* ContentView.swift */,
				3E81186B27019E2D003B6E96 /* Assets.xcassets */,
				3E81187027019E2D003B6E96 /* CheatSheet.entitlements */,
				3E81186D27019E2D003B6E96 /* Preview Content */,
			);
			path = CheatSheet;
			sourceTree = "<group>";
		};
		3E81186D27019E2D003B6E96 /* Preview Content */ = {
			isa = PBXGroup;
			children = (
				3E81186E27019E2D003B6E96 /* Preview Assets.xcassets */,
			);
			path = "Preview Content";
			sourceTree = "<group>";
		};
		3E81187627019EA5003B6E96 /* Menu */ = {
			isa = PBXGroup;
			children = (
				3E81187727019EB9003B6E96 /* MenuView.swift */,
			);
			path = Menu;
			sourceTree = "<group>";
		};
/* End PBXGroup section */

/* Begin PBXNativeTarget section */
		3E81186327019E2B003B6E96 /* CheatSheet */ = {
			isa = PBXNativeTarget;
			buildConfigurationList = 3E81187327019E2D003B6E96 /* Build configuration list for PBXNativeTarget "CheatSheet" */;
			buildPhases = (
				3E81186027019E2B003B6E96 /* Sources */,
				3E81186127019E2B003B6E96 /* Frameworks */,
				3E81186227019E2B003B6E96 /* Resources */,
			);
			buildRules = (
			);
			dependencies = (
			);
			name = CheatSheet;
			productName = CheatSheet;
			productReference = 3E81186427019E2B003B6E96 /* CheatSheet.app */;
			productType = "com.apple.product-type.application";
		};
/* End PBXNativeTarget section */

/* Begin PBXProject section */
		3E81185C27019E2B003B6E96 /* Project object */ = {
			isa = PBXProject;
			attributes = {
				BuildIndependentTargetsInParallel = 1;
				LastSwiftUpdateCheck = 1300;
				LastUpgradeCheck = 1300;
				TargetAttributes = {
					3E81186327019E2B003B6E96 = {
						CreatedOnToolsVersion = 13.0;
					};
				};
			};
			buildConfigurationList = 3E81185F27019E2B003B6E96 /* Build configuration list for PBXProject "CheatSheet" */;
			compatibilityVersion = "Xcode 13.0";
			developmentRegion = en;
			hasScannedForEncodings = 0;
			knownRegions = (
				en,
				Base,
			);
			mainGroup = 3E81185B27019E2B003B6E96;
			productRefGroup = 3E81186527019E2B003B6E96 /* Products */;
			projectDirPath = "";
			projectRoot = "";
			targets = (
				3E81186327019E2B003B6E96 /* CheatSheet */,
			);
		};
/* End PBXProject section */

/* Begin PBXResourcesBuildPhase section */
		3E81186227019E2B003B6E96 /* Resources */ = {
			isa = PBXResourcesBuildPhase;
			buildActionMask = 2147483647;
			files = (
				3E81186F27019E2D003B6E96 /* Preview Assets.xcassets in Resources */,
				3E81186C27019E2D003B6E96 /* Assets.xcassets in Resources */,
			);
			runOnlyForDeploymentPostprocessing = 0;
		};
/* End PBXResourcesBuildPhase section */

/* Begin PBXSourcesBuildPhase section */
		3E81186027019E2B003B6E96 /* Sources */ = {
			isa = PBXSourcesBuildPhase;
			buildActionMask = 2147483647;
			files = (
				3E81186A27019E2B003B6E96 /* ContentView.swift in Sources */,
				3E315C152701CA9900092B19 /* TabButton.swift in Sources */,
				3E315C172701D46400092B19 /* ColorPicker.swift in Sources */,
				3E81187827019EB9003B6E96 /* MenuView.swift in Sources */,
				3EB26C4527020C0A0000AF1D /* Converter.swift in Sources */,
				3E81186827019E2B003B6E96 /* CheatSheetApp.swift in Sources */,
			);
			runOnlyForDeploymentPostprocessing = 0;
		};
/* End PBXSourcesBuildPhase section */

/* Begin XCBuildConfiguration section */
		3E81187127019E2D003B6E96 /* Debug */ = {
			isa = XCBuildConfiguration;
			buildSettings = {
				ALWAYS_SEARCH_USER_PATHS = NO;
				CLANG_ANALYZER_NONNULL = YES;
				CLANG_ANALYZER_NUMBER_OBJECT_CONVERSION = YES_AGGRESSIVE;
				CLANG_CXX_LANGUAGE_STANDARD = "gnu++17";
				CLANG_CXX_LIBRARY = "libc++";
				CLANG_ENABLE_MODULES = YES;
				CLANG_ENABLE_OBJC_ARC = YES;
				CLANG_ENABLE_OBJC_WEAK = YES;
				CLANG_WARN_BLOCK_CAPTURE_AUTORELEASING = YES;
				CLANG_WARN_BOOL_CONVERSION = YES;
				CLANG_WARN_COMMA = YES;
				CLANG_WARN_CONSTANT_CONVERSION = YES;
				CLANG_WARN_DEPRECATED_OBJC_IMPLEMENTATIONS = YES;
				CLANG_WARN_DIRECT_OBJC_ISA_USAGE = YES_ERROR;
				CLANG_WARN_DOCUMENTATION_COMMENTS = YES;
				CLANG_WARN_EMPTY_BODY = YES;
				CLANG_WARN_ENUM_CONVERSION = YES;
				CLANG_WARN_INFINITE_RECURSION = YES;
				CLANG_WARN_INT_CONVERSION = YES;
				CLANG_WARN_NON_LITERAL_NULL_CONVERSION = YES;
				CLANG_WARN_OBJC_IMPLICIT_RETAIN_SELF = YES;
				CLANG_WARN_OBJC_LITERAL_CONVERSION = YES;
				CLANG_WARN_OBJC_ROOT_CLASS = YES_ERROR;
				CLANG_WARN_QUOTED_INCLUDE_IN_FRAMEWORK_HEADER = YES;
				CLANG_WARN_RANGE_LOOP_ANALYSIS = YES;
				CLANG_WARN_STRICT_PROTOTYPES = YES;
				CLANG_WARN_SUSPICIOUS_MOVE = YES;
				CLANG_WARN_UNGUARDED_AVAILABILITY = YES_AGGRESSIVE;
				CLANG_WARN_UNREACHABLE_CODE = YES;
				CLANG_WARN__DUPLICATE_METHOD_MATCH = YES;
				COPY_PHASE_STRIP = NO;
				DEBUG_INFORMATION_FORMAT = dwarf;
				ENABLE_STRICT_OBJC_MSGSEND = YES;
				ENABLE_TESTABILITY = YES;
				GCC_C_LANGUAGE_STANDARD = gnu11;
				GCC_DYNAMIC_NO_PIC = NO;
				GCC_NO_COMMON_BLOCKS = YES;
				GCC_OPTIMIZATION_LEVEL = 0;
				GCC_PREPROCESSOR_DEFINITIONS = (
					"DEBUG=1",
					"$(inherited)",
				);
				GCC_WARN_64_TO_32_BIT_CONVERSION = YES;
				GCC_WARN_ABOUT_RETURN_TYPE = YES_ERROR;
				GCC_WARN_UNDECLARED_SELECTOR = YES;
				GCC_WARN_UNINITIALIZED_AUTOS = YES_AGGRESSIVE;
				GCC_WARN_UNUSED_FUNCTION = YES;
				GCC_WARN_UNUSED_VARIABLE = YES;
				MACOSX_DEPLOYMENT_TARGET = 11.3;
				MTL_ENABLE_DEBUG_INFO = INCLUDE_SOURCE;
				MTL_FAST_MATH = YES;
				ONLY_ACTIVE_ARCH = YES;
				SDKROOT = macosx;
				SWIFT_ACTIVE_COMPILATION_CONDITIONS = DEBUG;
				SWIFT_OPTIMIZATION_LEVEL = "-Onone";
			};
			name = Debug;
		};
		3E81187227019E2D003B6E96 /* Release */ = {
			isa = XCBuildConfiguration;
			buildSettings = {
				ALWAYS_SEARCH_USER_PATHS = NO;
				CLANG_ANALYZER_NONNULL = YES;
				CLANG_ANALYZER_NUMBER_OBJECT_CONVERSION = YES_AGGRESSIVE;
				CLANG_CXX_LANGUAGE_STANDARD = "gnu++17";
				CLANG_CXX_LIBRARY = "libc++";
				CLANG_ENABLE_MODULES = YES;
				CLANG_ENABLE_OBJC_ARC = YES;
				CLANG_ENABLE_OBJC_WEAK = YES;
				CLANG_WARN_BLOCK_CAPTURE_AUTORELEASING = YES;
				CLANG_WARN_BOOL_CONVERSION = YES;
				CLANG_WARN_COMMA = YES;
				CLANG_WARN_CONSTANT_CONVERSION = YES;
				CLANG_WARN_DEPRECATED_OBJC_IMPLEMENTATIONS = YES;
				CLANG_WARN_DIRECT_OBJC_ISA_USAGE = YES_ERROR;
				CLANG_WARN_DOCUMENTATION_COMMENTS = YES;
				CLANG_WARN_EMPTY_BODY = YES;
				CLANG_WARN_ENUM_CONVERSION = YES;
				CLANG_WARN_INFINITE_RECURSION = YES;
				CLANG_WARN_INT_CONVERSION = YES;
				CLANG_WARN_NON_LITERAL_NULL_CONVERSION = YES;
				CLANG_WARN_OBJC_IMPLICIT_RETAIN_SELF = YES;
				CLANG_WARN_OBJC_LITERAL_CONVERSION = YES;
				CLANG_WARN_OBJC_ROOT_CLASS = YES_ERROR;
				CLANG_WARN_QUOTED_INCLUDE_IN_FRAMEWORK_HEADER = YES;
				CLANG_WARN_RANGE_LOOP_ANALYSIS = YES;
				CLANG_WARN_STRICT_PROTOTYPES = YES;
				CLANG_WARN_SUSPICIOUS_MOVE = YES;
				CLANG_WARN_UNGUARDED_AVAILABILITY = YES_AGGRESSIVE;
				CLANG_WARN_UNREACHABLE_CODE = YES;
				CLANG_WARN__DUPLICATE_METHOD_MATCH = YES;
				COPY_PHASE_STRIP = NO;
				DEBUG_INFORMATION_FORMAT = "dwarf-with-dsym";
				ENABLE_NS_ASSERTIONS = NO;
				ENABLE_STRICT_OBJC_MSGSEND = YES;
				GCC_C_LANGUAGE_STANDARD = gnu11;
				GCC_NO_COMMON_BLOCKS = YES;
				GCC_WARN_64_TO_32_BIT_CONVERSION = YES;
				GCC_WARN_ABOUT_RETURN_TYPE = YES_ERROR;
				GCC_WARN_UNDECLARED_SELECTOR = YES;
				GCC_WARN_UNINITIALIZED_AUTOS = YES_AGGRESSIVE;
				GCC_WARN_UNUSED_FUNCTION = YES;
				GCC_WARN_UNUSED_VARIABLE = YES;
				MACOSX_DEPLOYMENT_TARGET = 11.3;
				MTL_ENABLE_DEBUG_INFO = NO;
				MTL_FAST_MATH = YES;
				SDKROOT = macosx;
				SWIFT_COMPILATION_MODE = wholemodule;
				SWIFT_OPTIMIZATION_LEVEL = "-O";
			};
			name = Release;
		};
		3E81187427019E2D003B6E96 /* Debug */ = {
			isa = XCBuildConfiguration;
			buildSettings = {
				ASSETCATALOG_COMPILER_APPICON_NAME = AppIcon;
				ASSETCATALOG_COMPILER_GLOBAL_ACCENT_COLOR_NAME = AccentColor;
				CODE_SIGN_ENTITLEMENTS = CheatSheet/CheatSheet.entitlements;
				CODE_SIGN_STYLE = Automatic;
				COMBINE_HIDPI_IMAGES = YES;
				CURRENT_PROJECT_VERSION = 1;
				DEVELOPMENT_ASSET_PATHS = "\"CheatSheet/Preview Content\"";
				ENABLE_PREVIEWS = YES;
				GENERATE_INFOPLIST_FILE = YES;
				INFOPLIST_FILE = CheatSheet/Info.plist;
				INFOPLIST_KEY_NSHumanReadableCopyright = "";
				LD_RUNPATH_SEARCH_PATHS = (
					"$(inherited)",
					"@executable_path/../Frameworks",
				);
				MACOSX_DEPLOYMENT_TARGET = 11.0;
				MARKETING_VERSION = 1.0;
				PRODUCT_BUNDLE_IDENTIFIER = com.kubilaycan.CheatSheet;
				PRODUCT_NAME = "$(TARGET_NAME)";
				SWIFT_EMIT_LOC_STRINGS = YES;
				SWIFT_VERSION = 5.0;
			};
			name = Debug;
		};
		3E81187527019E2D003B6E96 /* Release */ = {
			isa = XCBuildConfiguration;
			buildSettings = {
				ASSETCATALOG_COMPILER_APPICON_NAME = AppIcon;
				ASSETCATALOG_COMPILER_GLOBAL_ACCENT_COLOR_NAME = AccentColor;
				CODE_SIGN_ENTITLEMENTS = CheatSheet/CheatSheet.entitlements;
				CODE_SIGN_STYLE = Automatic;
				COMBINE_HIDPI_IMAGES = YES;
				CURRENT_PROJECT_VERSION = 1;
				DEVELOPMENT_ASSET_PATHS = "\"CheatSheet/Preview Content\"";
				ENABLE_PREVIEWS = YES;
				GENERATE_INFOPLIST_FILE = YES;
				INFOPLIST_FILE = CheatSheet/Info.plist;
				INFOPLIST_KEY_NSHumanReadableCopyright = "";
				LD_RUNPATH_SEARCH_PATHS = (
					"$(inherited)",
					"@executable_path/../Frameworks",
				);
				MACOSX_DEPLOYMENT_TARGET = 11.0;
				MARKETING_VERSION = 1.0;
				PRODUCT_BUNDLE_IDENTIFIER = com.kubilaycan.CheatSheet;
				PRODUCT_NAME = "$(TARGET_NAME)";
				SWIFT_EMIT_LOC_STRINGS = YES;
				SWIFT_VERSION = 5.0;
			};
			name = Release;
		};
/* End XCBuildConfiguration section */

/* Begin XCConfigurationList section */
		3E81185F27019E2B003B6E96 /* Build configuration list for PBXProject "CheatSheet" */ = {
			isa = XCConfigurationList;
			buildConfigurations = (
				3E81187127019E2D003B6E96 /* Debug */,
				3E81187227019E2D003B6E96 /* Release */,
			);
			defaultConfigurationIsVisible = 0;
			defaultConfigurationName = Release;
		};
		3E81187327019E2D003B6E96 /* Build configuration list for PBXNativeTarget "CheatSheet" */ = {
			isa = XCConfigurationList;
			buildConfigurations = (
				3E81187427019E2D003B6E96 /* Debug */,
				3E81187527019E2D003B6E96 /* Release */,
			);
			defaultConfigurationIsVisible = 0;
			defaultConfigurationName = Release;
		};
/* End XCConfigurationList section */
	};
	rootObject = 3E81185C27019E2B003B6E96 /* Project object */;
}
